
Microsoft Visual Studio Solution File, Format Version 12.00
# Visual Studio Version 17
VisualStudioVersion = 17.4.33122.133
MinimumVisualStudioVersion = 10.0.40219.1
Project("{8BC9CEB8-8B4A-11D0-8D11-00A0C91BC942}") = "Project1", "Project1\Project1.vcxproj", "{747057DC-1A96-4D6F-91DE-E7989E0B209F}"
EndProject
Project("{8BC9CEB8-8B4A-11D0-8D11-00A0C91BC942}") = "Project2", "Project2\Project2.vcxproj", "{2BC7403D-D0F1-4940-8C0C-7630157C0552}"
EndProject
Project("{8BC9CEB8-8B4A-11D0-8D11-00A0C91BC942}") = "Project3", "Project3\Project3.vcxproj", "{3FA64025-989F-40BC-8D88-702D4E09B89C}"
EndProject
Project("{8BC9CEB8-8B4A-11D0-8D11-00A0C91BC942}") = "Project4", "Project4\Project4.vcxproj", "{F5948E80-9F3A-4B13-AC5C-51C8A07F4D6E}"
EndProject
Project("{8BC9CEB8-8B4A-11D0-8D11-00A0C91BC942}") = "cin_enter", "Project5\Project5.vcxproj", "{ACB0BF52-71FF-41C8-9542-4621E458C70B}"
EndProject
Project("{8BC9CEB8-8B4A-11D0-8D11-00A0C91BC942}") = "int_to_string", "Project6\Project6.vcxproj", "{E68E920B-B078-4CD3-9124-02B9205B08FF}"
EndProject
Project("{8BC9CEB8-8B4A-11D0-8D11-00A0C91BC942}") = "Project7", "Project7\Project7.vcxproj", "{72B2EEF4-46FD-42B6-AB6D-0C4D5C80EF7A}"
EndProject
Project("{8BC9CEB8-8B4A-11D0-8D11-00A0C91BC942}") = "gameboard", "게임개발\게임개발.vcxproj", "{B1507BC7-1E0D-4EDE-B412-7E6D3EAA332C}"
EndProject
Project("{8BC9CEB8-8B4A-11D0-8D11-00A0C91BC942}") = "BFS_DFS", "BFS_DFS\BFS_DFS.vcxproj", "{2B876548-D09D-4F25-8D53-B6AB3E714C6E}"
EndProject
Project("{8BC9CEB8-8B4A-11D0-8D11-00A0C91BC942}") = "DFS_example1", "BFS_DFS_example1\BFS_DFS_example1.vcxproj", "{5A658AE1-6FFE-4B87-A7EB-52C11B59307C}"
EndProject
Project("{8BC9CEB8-8B4A-11D0-8D11-00A0C91BC942}") = "BFS_example2", "BFS_example2\BFS_example2.vcxproj", "{3BB01D57-85B7-4263-BFA6-C80D73AC83F0}"
EndProject
Project("{8BC9CEB8-8B4A-11D0-8D11-00A0C91BC942}") = "sort", "sort\sort.vcxproj", "{68A4C7FE-9F5D-468C-85DC-8172A747E40A}"
EndProject
Project("{8BC9CEB8-8B4A-11D0-8D11-00A0C91BC942}") = "sort2", "sort2\sort2.vcxproj", "{FDBD9192-09BB-4721-AF43-98A2F8F3DC9F}"
EndProject
Global
	GlobalSection(SolutionConfigurationPlatforms) = preSolution
		Debug|x64 = Debug|x64
		Debug|x86 = Debug|x86
		Release|x64 = Release|x64
		Release|x86 = Release|x86
	EndGlobalSection
	GlobalSection(ProjectConfigurationPlatforms) = postSolution
		{747057DC-1A96-4D6F-91DE-E7989E0B209F}.Debug|x64.ActiveCfg = Debug|x64
		{747057DC-1A96-4D6F-91DE-E7989E0B209F}.Debug|x64.Build.0 = Debug|x64
		{747057DC-1A96-4D6F-91DE-E7989E0B209F}.Debug|x86.ActiveCfg = Debug|Win32
		{747057DC-1A96-4D6F-91DE-E7989E0B209F}.Debug|x86.Build.0 = Debug|Win32
		{747057DC-1A96-4D6F-91DE-E7989E0B209F}.Release|x64.ActiveCfg = Release|x64
		{747057DC-1A96-4D6F-91DE-E7989E0B209F}.Release|x64.Build.0 = Release|x64
		{747057DC-1A96-4D6F-91DE-E7989E0B209F}.Release|x86.ActiveCfg = Release|Win32
		{747057DC-1A96-4D6F-91DE-E7989E0B209F}.Release|x86.Build.0 = Release|Win32
		{2BC7403D-D0F1-4940-8C0C-7630157C0552}.Debug|x64.ActiveCfg = Debug|x64
		{2BC7403D-D0F1-4940-8C0C-7630157C0552}.Debug|x64.Build.0 = Debug|x64
		{2BC7403D-D0F1-4940-8C0C-7630157C0552}.Debug|x86.ActiveCfg = Debug|Win32
		{2BC7403D-D0F1-4940-8C0C-7630157C0552}.Debug|x86.Build.0 = Debug|Win32
		{2BC7403D-D0F1-4940-8C0C-7630157C0552}.Release|x64.ActiveCfg = Release|x64
		{2BC7403D-D0F1-4940-8C0C-7630157C0552}.Release|x64.Build.0 = Release|x64
		{2BC7403D-D0F1-4940-8C0C-7630157C0552}.Release|x86.ActiveCfg = Release|Win32
		{2BC7403D-D0F1-4940-8C0C-7630157C0552}.Release|x86.Build.0 = Release|Win32
		{3FA64025-989F-40BC-8D88-702D4E09B89C}.Debug|x64.ActiveCfg = Debug|x64
		{3FA64025-989F-40BC-8D88-702D4E09B89C}.Debug|x64.Build.0 = Debug|x64
		{3FA64025-989F-40BC-8D88-702D4E09B89C}.Debug|x86.ActiveCfg = Debug|Win32
		{3FA64025-989F-40BC-8D88-702D4E09B89C}.Debug|x86.Build.0 = Debug|Win32
		{3FA64025-989F-40BC-8D88-702D4E09B89C}.Release|x64.ActiveCfg = Release|x64
		{3FA64025-989F-40BC-8D88-702D4E09B89C}.Release|x64.Build.0 = Release|x64
		{3FA64025-989F-40BC-8D88-702D4E09B89C}.Release|x86.ActiveCfg = Release|Win32
		{3FA64025-989F-40BC-8D88-702D4E09B89C}.Release|x86.Build.0 = Release|Win32
		{F5948E80-9F3A-4B13-AC5C-51C8A07F4D6E}.Debug|x64.ActiveCfg = Debug|x64
		{F5948E80-9F3A-4B13-AC5C-51C8A07F4D6E}.Debug|x64.Build.0 = Debug|x64
		{F5948E80-9F3A-4B13-AC5C-51C8A07F4D6E}.Debug|x86.ActiveCfg = Debug|Win32
		{F5948E80-9F3A-4B13-AC5C-51C8A07F4D6E}.Debug|x86.Build.0 = Debug|Win32
		{F5948E80-9F3A-4B13-AC5C-51C8A07F4D6E}.Release|x64.ActiveCfg = Release|x64
		{F5948E80-9F3A-4B13-AC5C-51C8A07F4D6E}.Release|x64.Build.0 = Release|x64
		{F5948E80-9F3A-4B13-AC5C-51C8A07F4D6E}.Release|x86.ActiveCfg = Release|Win32
		{F5948E80-9F3A-4B13-AC5C-51C8A07F4D6E}.Release|x86.Build.0 = Release|Win32
		{ACB0BF52-71FF-41C8-9542-4621E458C70B}.Debug|x64.ActiveCfg = Debug|x64
		{ACB0BF52-71FF-41C8-9542-4621E458C70B}.Debug|x64.Build.0 = Debug|x64
		{ACB0BF52-71FF-41C8-9542-4621E458C70B}.Debug|x86.ActiveCfg = Debug|Win32
		{ACB0BF52-71FF-41C8-9542-4621E458C70B}.Debug|x86.Build.0 = Debug|Win32
		{ACB0BF52-71FF-41C8-9542-4621E458C70B}.Release|x64.ActiveCfg = Release|x64
		{ACB0BF52-71FF-41C8-9542-4621E458C70B}.Release|x64.Build.0 = Release|x64
		{ACB0BF52-71FF-41C8-9542-4621E458C70B}.Release|x86.ActiveCfg = Release|Win32
		{ACB0BF52-71FF-41C8-9542-4621E458C70B}.Release|x86.Build.0 = Release|Win32
		{E68E920B-B078-4CD3-9124-02B9205B08FF}.Debug|x64.ActiveCfg = Debug|x64
		{E68E920B-B078-4CD3-9124-02B9205B08FF}.Debug|x64.Build.0 = Debug|x64
		{E68E920B-B078-4CD3-9124-02B9205B08FF}.Debug|x86.ActiveCfg = Debug|Win32
		{E68E920B-B078-4CD3-9124-02B9205B08FF}.Debug|x86.Build.0 = Debug|Win32
		{E68E920B-B078-4CD3-9124-02B9205B08FF}.Release|x64.ActiveCfg = Release|x64
		{E68E920B-B078-4CD3-9124-02B9205B08FF}.Release|x64.Build.0 = Release|x64
		{E68E920B-B078-4CD3-9124-02B9205B08FF}.Release|x86.ActiveCfg = Release|Win32
		{E68E920B-B078-4CD3-9124-02B9205B08FF}.Release|x86.Build.0 = Release|Win32
		{72B2EEF4-46FD-42B6-AB6D-0C4D5C80EF7A}.Debug|x64.ActiveCfg = Debug|x64
		{72B2EEF4-46FD-42B6-AB6D-0C4D5C80EF7A}.Debug|x64.Build.0 = Debug|x64
		{72B2EEF4-46FD-42B6-AB6D-0C4D5C80EF7A}.Debug|x86.ActiveCfg = Debug|Win32
		{72B2EEF4-46FD-42B6-AB6D-0C4D5C80EF7A}.Debug|x86.Build.0 = Debug|Win32
		{72B2EEF4-46FD-42B6-AB6D-0C4D5C80EF7A}.Release|x64.ActiveCfg = Release|x64
		{72B2EEF4-46FD-42B6-AB6D-0C4D5C80EF7A}.Release|x64.Build.0 = Release|x64
		{72B2EEF4-46FD-42B6-AB6D-0C4D5C80EF7A}.Release|x86.ActiveCfg = Release|Win32
		{72B2EEF4-46FD-42B6-AB6D-0C4D5C80EF7A}.Release|x86.Build.0 = Release|Win32
		{B1507BC7-1E0D-4EDE-B412-7E6D3EAA332C}.Debug|x64.ActiveCfg = Debug|x64
		{B1507BC7-1E0D-4EDE-B412-7E6D3EAA332C}.Debug|x64.Build.0 = Debug|x64
		{B1507BC7-1E0D-4EDE-B412-7E6D3EAA332C}.Debug|x86.ActiveCfg = Debug|Win32
		{B1507BC7-1E0D-4EDE-B412-7E6D3EAA332C}.Debug|x86.Build.0 = Debug|Win32
		{B1507BC7-1E0D-4EDE-B412-7E6D3EAA332C}.Release|x64.ActiveCfg = Release|x64
		{B1507BC7-1E0D-4EDE-B412-7E6D3EAA332C}.Release|x64.Build.0 = Release|x64
		{B1507BC7-1E0D-4EDE-B412-7E6D3EAA332C}.Release|x86.ActiveCfg = Release|Win32
		{B1507BC7-1E0D-4EDE-B412-7E6D3EAA332C}.Release|x86.Build.0 = Release|Win32
		{2B876548-D09D-4F25-8D53-B6AB3E714C6E}.Debug|x64.ActiveCfg = Debug|x64
		{2B876548-D09D-4F25-8D53-B6AB3E714C6E}.Debug|x64.Build.0 = Debug|x64
		{2B876548-D09D-4F25-8D53-B6AB3E714C6E}.Debug|x86.ActiveCfg = Debug|Win32
		{2B876548-D09D-4F25-8D53-B6AB3E714C6E}.Debug|x86.Build.0 = Debug|Win32
		{2B876548-D09D-4F25-8D53-B6AB3E714C6E}.Release|x64.ActiveCfg = Release|x64
		{2B876548-D09D-4F25-8D53-B6AB3E714C6E}.Release|x64.Build.0 = Release|x64
		{2B876548-D09D-4F25-8D53-B6AB3E714C6E}.Release|x86.ActiveCfg = Release|Win32
		{2B876548-D09D-4F25-8D53-B6AB3E714C6E}.Release|x86.Build.0 = Release|Win32
		{5A658AE1-6FFE-4B87-A7EB-52C11B59307C}.Debug|x64.ActiveCfg = Debug|x64
		{5A658AE1-6FFE-4B87-A7EB-52C11B59307C}.Debug|x64.Build.0 = Debug|x64
		{5A658AE1-6FFE-4B87-A7EB-52C11B59307C}.Debug|x86.ActiveCfg = Debug|Win32
		{5A658AE1-6FFE-4B87-A7EB-52C11B59307C}.Debug|x86.Build.0 = Debug|Win32
		{5A658AE1-6FFE-4B87-A7EB-52C11B59307C}.Release|x64.ActiveCfg = Release|x64
		{5A658AE1-6FFE-4B87-A7EB-52C11B59307C}.Release|x64.Build.0 = Release|x64
		{5A658AE1-6FFE-4B87-A7EB-52C11B59307C}.Release|x86.ActiveCfg = Release|Win32
		{5A658AE1-6FFE-4B87-A7EB-52C11B59307C}.Release|x86.Build.0 = Release|Win32
		{3BB01D57-85B7-4263-BFA6-C80D73AC83F0}.Debug|x64.ActiveCfg = Debug|x64
		{3BB01D57-85B7-4263-BFA6-C80D73AC83F0}.Debug|x64.Build.0 = Debug|x64
		{3BB01D57-85B7-4263-BFA6-C80D73AC83F0}.Debug|x86.ActiveCfg = Debug|Win32
		{3BB01D57-85B7-4263-BFA6-C80D73AC83F0}.Debug|x86.Build.0 = Debug|Win32
		{3BB01D57-85B7-4263-BFA6-C80D73AC83F0}.Release|x64.ActiveCfg = Release|x64
		{3BB01D57-85B7-4263-BFA6-C80D73AC83F0}.Release|x64.Build.0 = Release|x64
		{3BB01D57-85B7-4263-BFA6-C80D73AC83F0}.Release|x86.ActiveCfg = Release|Win32
		{3BB01D57-85B7-4263-BFA6-C80D73AC83F0}.Release|x86.Build.0 = Release|Win32
		{68A4C7FE-9F5D-468C-85DC-8172A747E40A}.Debug|x64.ActiveCfg = Debug|x64
		{68A4C7FE-9F5D-468C-85DC-8172A747E40A}.Debug|x64.Build.0 = Debug|x64
		{68A4C7FE-9F5D-468C-85DC-8172A747E40A}.Debug|x86.ActiveCfg = Debug|Win32
		{68A4C7FE-9F5D-468C-85DC-8172A747E40A}.Debug|x86.Build.0 = Debug|Win32
		{68A4C7FE-9F5D-468C-85DC-8172A747E40A}.Release|x64.ActiveCfg = Release|x64
		{68A4C7FE-9F5D-468C-85DC-8172A747E40A}.Release|x64.Build.0 = Release|x64
		{68A4C7FE-9F5D-468C-85DC-8172A747E40A}.Release|x86.ActiveCfg = Release|Win32
		{68A4C7FE-9F5D-468C-85DC-8172A747E40A}.Release|x86.Build.0 = Release|Win32
		{FDBD9192-09BB-4721-AF43-98A2F8F3DC9F}.Debug|x64.ActiveCfg = Debug|x64
		{FDBD9192-09BB-4721-AF43-98A2F8F3DC9F}.Debug|x64.Build.0 = Debug|x64
		{FDBD9192-09BB-4721-AF43-98A2F8F3DC9F}.Debug|x86.ActiveCfg = Debug|Win32
		{FDBD9192-09BB-4721-AF43-98A2F8F3DC9F}.Debug|x86.Build.0 = Debug|Win32
		{FDBD9192-09BB-4721-AF43-98A2F8F3DC9F}.Release|x64.ActiveCfg = Release|x64
		{FDBD9192-09BB-4721-AF43-98A2F8F3DC9F}.Release|x64.Build.0 = Release|x64
		{FDBD9192-09BB-4721-AF43-98A2F8F3DC9F}.Release|x86.ActiveCfg = Release|Win32
		{FDBD9192-09BB-4721-AF43-98A2F8F3DC9F}.Release|x86.Build.0 = Release|Win32
	EndGlobalSection
	GlobalSection(SolutionProperties) = preSolution
		HideSolutionNode = FALSE
	EndGlobalSection
	GlobalSection(ExtensibilityGlobals) = postSolution
		SolutionGuid = {2361B7B0-23AC-4580-8BF7-6DEC5F90DEB5}
	EndGlobalSection
EndGlobal
