
Microsoft Visual Studio Solution File, Format Version 12.00
# Visual Studio Version 17
VisualStudioVersion = 17.4.33213.308
MinimumVisualStudioVersion = 10.0.40219.1
Project("{8BC9CEB8-8B4A-11D0-8D11-00A0C91BC942}") = "Greedy_1", "Example\Example.vcxproj", "{0023E6E6-4ADE-4296-931A-BEBB3D807A97}"
EndProject
Project("{8BC9CEB8-8B4A-11D0-8D11-00A0C91BC942}") = "Greedy_2", "Greedy_2\Greedy_2.vcxproj", "{056C6C00-876F-4B42-A8AE-18C058148463}"
EndProject
Project("{8BC9CEB8-8B4A-11D0-8D11-00A0C91BC942}") = "Greedy_3", "Greedy_3\Greedy_3.vcxproj", "{CD0BFCB9-32E3-4BBC-9C13-40154B68FD55}"
EndProject
Project("{8BC9CEB8-8B4A-11D0-8D11-00A0C91BC942}") = "Greedy_4", "Greedy_4\Greedy_4.vcxproj", "{3CEC8779-162F-4E4E-A9A5-340122419ED0}"
EndProject
Project("{8BC9CEB8-8B4A-11D0-8D11-00A0C91BC942}") = "Greedy_5", "Greedy_5\Greedy_5.vcxproj", "{8DFFE5E7-39D4-457D-B29A-2A971DBA79AD}"
EndProject
Project("{8BC9CEB8-8B4A-11D0-8D11-00A0C91BC942}") = "Greedy_6", "Greedy_6\Greedy_6.vcxproj", "{92EAF5EA-0337-4835-BEE9-9DCB6F047AE8}"
EndProject
Project("{8BC9CEB8-8B4A-11D0-8D11-00A0C91BC942}") = "Implementation_1", "Implementation\Implementation.vcxproj", "{3792F201-6742-4801-A9E8-8E0DE87CAE2B}"
EndProject
Project("{8BC9CEB8-8B4A-11D0-8D11-00A0C91BC942}") = "Implementation_2", "Implementation_2\Implementation_2.vcxproj", "{38380546-6666-4DAA-A626-A8ED5B592DE4}"
EndProject
Project("{8BC9CEB8-8B4A-11D0-8D11-00A0C91BC942}") = "Implementation_3", "Implementation_3\Implementation_3.vcxproj", "{C271BB11-84E8-4DDC-A86C-2500445DDE9F}"
EndProject
Project("{8BC9CEB8-8B4A-11D0-8D11-00A0C91BC942}") = "Implementation_4", "Implementation_4\Implementation_4.vcxproj", "{7F5C33A9-99F8-4DDB-BC07-AA1932228BA2}"
EndProject
Project("{8BC9CEB8-8B4A-11D0-8D11-00A0C91BC942}") = "Implementation_5", "Implementation_5\Implementation_5.vcxproj", "{34DB7220-AD68-4A2E-A03B-43A89BF2674B}"
EndProject
Project("{8BC9CEB8-8B4A-11D0-8D11-00A0C91BC942}") = "Implementation_5-2", "Implementation_5-2\Implementation_5-2.vcxproj", "{7F43156C-54F5-4314-852E-CEEA86F62ED1}"
EndProject
Project("{8BC9CEB8-8B4A-11D0-8D11-00A0C91BC942}") = "Implementation_6", "Implementation_6\Implementation_6.vcxproj", "{B314FEE1-1A43-4CD1-92D6-12AA657049D6}"
EndProject
Project("{8BC9CEB8-8B4A-11D0-8D11-00A0C91BC942}") = "test", "test\test.vcxproj", "{EF469266-644C-4042-BDF1-215FC950C367}"
EndProject
Project("{8BC9CEB8-8B4A-11D0-8D11-00A0C91BC942}") = "DFS_BFS_1", "DFS_BFS_1\DFS_BFS_1.vcxproj", "{BE858A81-B332-4717-B31E-568116572E5B}"
EndProject
Project("{8BC9CEB8-8B4A-11D0-8D11-00A0C91BC942}") = "DFS_BFS_2", "DFS_BFS_2\DFS_BFS_2.vcxproj", "{F2091DD9-4E2D-4114-853A-4B631EEC93CB}"
EndProject
Project("{8BC9CEB8-8B4A-11D0-8D11-00A0C91BC942}") = "DFS_BFS_3", "DFS_BFS_3\DFS_BFS_3.vcxproj", "{B75A8844-D86C-4858-9688-FA748BAA44B6}"
EndProject
Project("{8BC9CEB8-8B4A-11D0-8D11-00A0C91BC942}") = "DFS_BFS_4", "DFS_BFS_4\DFS_BFS_4.vcxproj", "{EC8EFEA4-7C25-4777-91B9-FA2CC0845A7C}"
EndProject
Project("{8BC9CEB8-8B4A-11D0-8D11-00A0C91BC942}") = "Sorting_1", "Sorting_1\Sorting_1.vcxproj", "{08CCD79D-3B6D-4084-8F0A-1B3BB70CA100}"
EndProject
Project("{8BC9CEB8-8B4A-11D0-8D11-00A0C91BC942}") = "Sorting_2", "Sorting_2\Sorting_2.vcxproj", "{E9574E9F-9390-49B7-A94C-C08921BF48CB}"
EndProject
Project("{8BC9CEB8-8B4A-11D0-8D11-00A0C91BC942}") = "Sorting_3", "Sorting_3\Sorting_3.vcxproj", "{3DB75310-CBB5-4335-BB04-224BCCD313A2}"
EndProject
Project("{8BC9CEB8-8B4A-11D0-8D11-00A0C91BC942}") = "BinarySearch_1", "BinarySearch_1\BinarySearch_1.vcxproj", "{01FD3A68-22DA-4D7C-AAC2-BD4C4275B300}"
EndProject
Project("{8BC9CEB8-8B4A-11D0-8D11-00A0C91BC942}") = "BinarySearch_2", "BinarySearch_2\BinarySearch_2.vcxproj", "{B4F152EB-8B8C-4D36-9CEE-5B7F766B0469}"
EndProject
Project("{8BC9CEB8-8B4A-11D0-8D11-00A0C91BC942}") = "BinarySearch_3", "BinarySearch_3\BinarySearch_3.vcxproj", "{C7F2BF2E-14CA-4351-BB6E-E2AC906BD2BF}"
EndProject
Project("{8BC9CEB8-8B4A-11D0-8D11-00A0C91BC942}") = "Dynamic_1", "Dynamic_1\Dynamic_1.vcxproj", "{BBFC75A9-DEE4-49BF-9C25-F51E23F57DE5}"
EndProject
Project("{8BC9CEB8-8B4A-11D0-8D11-00A0C91BC942}") = "Dynamic_2", "Dynamic_2\Dynamic_2.vcxproj", "{7436A6D0-B09A-4298-B4D6-C1A594B41322}"
EndProject
Project("{8BC9CEB8-8B4A-11D0-8D11-00A0C91BC942}") = "Dynamic_3", "Dynamic_3\Dynamic_3.vcxproj", "{D2764F43-D0EA-4A6F-9A83-42F0DAEA999A}"
EndProject
Project("{8BC9CEB8-8B4A-11D0-8D11-00A0C91BC942}") = "Dynamic_4", "Dynamic_4\Dynamic_4.vcxproj", "{1CF2AF3B-BB7D-42CC-B8F5-34D87B1ACE39}"
EndProject
Global
	GlobalSection(SolutionConfigurationPlatforms) = preSolution
		Debug|x64 = Debug|x64
		Debug|x86 = Debug|x86
		Release|x64 = Release|x64
		Release|x86 = Release|x86
	EndGlobalSection
	GlobalSection(ProjectConfigurationPlatforms) = postSolution
		{0023E6E6-4ADE-4296-931A-BEBB3D807A97}.Debug|x64.ActiveCfg = Debug|x64
		{0023E6E6-4ADE-4296-931A-BEBB3D807A97}.Debug|x64.Build.0 = Debug|x64
		{0023E6E6-4ADE-4296-931A-BEBB3D807A97}.Debug|x86.ActiveCfg = Debug|Win32
		{0023E6E6-4ADE-4296-931A-BEBB3D807A97}.Debug|x86.Build.0 = Debug|Win32
		{0023E6E6-4ADE-4296-931A-BEBB3D807A97}.Release|x64.ActiveCfg = Release|x64
		{0023E6E6-4ADE-4296-931A-BEBB3D807A97}.Release|x64.Build.0 = Release|x64
		{0023E6E6-4ADE-4296-931A-BEBB3D807A97}.Release|x86.ActiveCfg = Release|Win32
		{0023E6E6-4ADE-4296-931A-BEBB3D807A97}.Release|x86.Build.0 = Release|Win32
		{056C6C00-876F-4B42-A8AE-18C058148463}.Debug|x64.ActiveCfg = Debug|x64
		{056C6C00-876F-4B42-A8AE-18C058148463}.Debug|x64.Build.0 = Debug|x64
		{056C6C00-876F-4B42-A8AE-18C058148463}.Debug|x86.ActiveCfg = Debug|Win32
		{056C6C00-876F-4B42-A8AE-18C058148463}.Debug|x86.Build.0 = Debug|Win32
		{056C6C00-876F-4B42-A8AE-18C058148463}.Release|x64.ActiveCfg = Release|x64
		{056C6C00-876F-4B42-A8AE-18C058148463}.Release|x64.Build.0 = Release|x64
		{056C6C00-876F-4B42-A8AE-18C058148463}.Release|x86.ActiveCfg = Release|Win32
		{056C6C00-876F-4B42-A8AE-18C058148463}.Release|x86.Build.0 = Release|Win32
		{CD0BFCB9-32E3-4BBC-9C13-40154B68FD55}.Debug|x64.ActiveCfg = Debug|x64
		{CD0BFCB9-32E3-4BBC-9C13-40154B68FD55}.Debug|x64.Build.0 = Debug|x64
		{CD0BFCB9-32E3-4BBC-9C13-40154B68FD55}.Debug|x86.ActiveCfg = Debug|Win32
		{CD0BFCB9-32E3-4BBC-9C13-40154B68FD55}.Debug|x86.Build.0 = Debug|Win32
		{CD0BFCB9-32E3-4BBC-9C13-40154B68FD55}.Release|x64.ActiveCfg = Release|x64
		{CD0BFCB9-32E3-4BBC-9C13-40154B68FD55}.Release|x64.Build.0 = Release|x64
		{CD0BFCB9-32E3-4BBC-9C13-40154B68FD55}.Release|x86.ActiveCfg = Release|Win32
		{CD0BFCB9-32E3-4BBC-9C13-40154B68FD55}.Release|x86.Build.0 = Release|Win32
		{3CEC8779-162F-4E4E-A9A5-340122419ED0}.Debug|x64.ActiveCfg = Debug|x64
		{3CEC8779-162F-4E4E-A9A5-340122419ED0}.Debug|x64.Build.0 = Debug|x64
		{3CEC8779-162F-4E4E-A9A5-340122419ED0}.Debug|x86.ActiveCfg = Debug|Win32
		{3CEC8779-162F-4E4E-A9A5-340122419ED0}.Debug|x86.Build.0 = Debug|Win32
		{3CEC8779-162F-4E4E-A9A5-340122419ED0}.Release|x64.ActiveCfg = Release|x64
		{3CEC8779-162F-4E4E-A9A5-340122419ED0}.Release|x64.Build.0 = Release|x64
		{3CEC8779-162F-4E4E-A9A5-340122419ED0}.Release|x86.ActiveCfg = Release|Win32
		{3CEC8779-162F-4E4E-A9A5-340122419ED0}.Release|x86.Build.0 = Release|Win32
		{8DFFE5E7-39D4-457D-B29A-2A971DBA79AD}.Debug|x64.ActiveCfg = Debug|x64
		{8DFFE5E7-39D4-457D-B29A-2A971DBA79AD}.Debug|x64.Build.0 = Debug|x64
		{8DFFE5E7-39D4-457D-B29A-2A971DBA79AD}.Debug|x86.ActiveCfg = Debug|Win32
		{8DFFE5E7-39D4-457D-B29A-2A971DBA79AD}.Debug|x86.Build.0 = Debug|Win32
		{8DFFE5E7-39D4-457D-B29A-2A971DBA79AD}.Release|x64.ActiveCfg = Release|x64
		{8DFFE5E7-39D4-457D-B29A-2A971DBA79AD}.Release|x64.Build.0 = Release|x64
		{8DFFE5E7-39D4-457D-B29A-2A971DBA79AD}.Release|x86.ActiveCfg = Release|Win32
		{8DFFE5E7-39D4-457D-B29A-2A971DBA79AD}.Release|x86.Build.0 = Release|Win32
		{92EAF5EA-0337-4835-BEE9-9DCB6F047AE8}.Debug|x64.ActiveCfg = Debug|x64
		{92EAF5EA-0337-4835-BEE9-9DCB6F047AE8}.Debug|x64.Build.0 = Debug|x64
		{92EAF5EA-0337-4835-BEE9-9DCB6F047AE8}.Debug|x86.ActiveCfg = Debug|Win32
		{92EAF5EA-0337-4835-BEE9-9DCB6F047AE8}.Debug|x86.Build.0 = Debug|Win32
		{92EAF5EA-0337-4835-BEE9-9DCB6F047AE8}.Release|x64.ActiveCfg = Release|x64
		{92EAF5EA-0337-4835-BEE9-9DCB6F047AE8}.Release|x64.Build.0 = Release|x64
		{92EAF5EA-0337-4835-BEE9-9DCB6F047AE8}.Release|x86.ActiveCfg = Release|Win32
		{92EAF5EA-0337-4835-BEE9-9DCB6F047AE8}.Release|x86.Build.0 = Release|Win32
		{3792F201-6742-4801-A9E8-8E0DE87CAE2B}.Debug|x64.ActiveCfg = Debug|x64
		{3792F201-6742-4801-A9E8-8E0DE87CAE2B}.Debug|x64.Build.0 = Debug|x64
		{3792F201-6742-4801-A9E8-8E0DE87CAE2B}.Debug|x86.ActiveCfg = Debug|Win32
		{3792F201-6742-4801-A9E8-8E0DE87CAE2B}.Debug|x86.Build.0 = Debug|Win32
		{3792F201-6742-4801-A9E8-8E0DE87CAE2B}.Release|x64.ActiveCfg = Release|x64
		{3792F201-6742-4801-A9E8-8E0DE87CAE2B}.Release|x64.Build.0 = Release|x64
		{3792F201-6742-4801-A9E8-8E0DE87CAE2B}.Release|x86.ActiveCfg = Release|Win32
		{3792F201-6742-4801-A9E8-8E0DE87CAE2B}.Release|x86.Build.0 = Release|Win32
		{38380546-6666-4DAA-A626-A8ED5B592DE4}.Debug|x64.ActiveCfg = Debug|x64
		{38380546-6666-4DAA-A626-A8ED5B592DE4}.Debug|x64.Build.0 = Debug|x64
		{38380546-6666-4DAA-A626-A8ED5B592DE4}.Debug|x86.ActiveCfg = Debug|Win32
		{38380546-6666-4DAA-A626-A8ED5B592DE4}.Debug|x86.Build.0 = Debug|Win32
		{38380546-6666-4DAA-A626-A8ED5B592DE4}.Release|x64.ActiveCfg = Release|x64
		{38380546-6666-4DAA-A626-A8ED5B592DE4}.Release|x64.Build.0 = Release|x64
		{38380546-6666-4DAA-A626-A8ED5B592DE4}.Release|x86.ActiveCfg = Release|Win32
		{38380546-6666-4DAA-A626-A8ED5B592DE4}.Release|x86.Build.0 = Release|Win32
		{C271BB11-84E8-4DDC-A86C-2500445DDE9F}.Debug|x64.ActiveCfg = Debug|x64
		{C271BB11-84E8-4DDC-A86C-2500445DDE9F}.Debug|x64.Build.0 = Debug|x64
		{C271BB11-84E8-4DDC-A86C-2500445DDE9F}.Debug|x86.ActiveCfg = Debug|Win32
		{C271BB11-84E8-4DDC-A86C-2500445DDE9F}.Debug|x86.Build.0 = Debug|Win32
		{C271BB11-84E8-4DDC-A86C-2500445DDE9F}.Release|x64.ActiveCfg = Release|x64
		{C271BB11-84E8-4DDC-A86C-2500445DDE9F}.Release|x64.Build.0 = Release|x64
		{C271BB11-84E8-4DDC-A86C-2500445DDE9F}.Release|x86.ActiveCfg = Release|Win32
		{C271BB11-84E8-4DDC-A86C-2500445DDE9F}.Release|x86.Build.0 = Release|Win32
		{7F5C33A9-99F8-4DDB-BC07-AA1932228BA2}.Debug|x64.ActiveCfg = Debug|x64
		{7F5C33A9-99F8-4DDB-BC07-AA1932228BA2}.Debug|x64.Build.0 = Debug|x64
		{7F5C33A9-99F8-4DDB-BC07-AA1932228BA2}.Debug|x86.ActiveCfg = Debug|Win32
		{7F5C33A9-99F8-4DDB-BC07-AA1932228BA2}.Debug|x86.Build.0 = Debug|Win32
		{7F5C33A9-99F8-4DDB-BC07-AA1932228BA2}.Release|x64.ActiveCfg = Release|x64
		{7F5C33A9-99F8-4DDB-BC07-AA1932228BA2}.Release|x64.Build.0 = Release|x64
		{7F5C33A9-99F8-4DDB-BC07-AA1932228BA2}.Release|x86.ActiveCfg = Release|Win32
		{7F5C33A9-99F8-4DDB-BC07-AA1932228BA2}.Release|x86.Build.0 = Release|Win32
		{34DB7220-AD68-4A2E-A03B-43A89BF2674B}.Debug|x64.ActiveCfg = Debug|x64
		{34DB7220-AD68-4A2E-A03B-43A89BF2674B}.Debug|x64.Build.0 = Debug|x64
		{34DB7220-AD68-4A2E-A03B-43A89BF2674B}.Debug|x86.ActiveCfg = Debug|Win32
		{34DB7220-AD68-4A2E-A03B-43A89BF2674B}.Debug|x86.Build.0 = Debug|Win32
		{34DB7220-AD68-4A2E-A03B-43A89BF2674B}.Release|x64.ActiveCfg = Release|x64
		{34DB7220-AD68-4A2E-A03B-43A89BF2674B}.Release|x64.Build.0 = Release|x64
		{34DB7220-AD68-4A2E-A03B-43A89BF2674B}.Release|x86.ActiveCfg = Release|Win32
		{34DB7220-AD68-4A2E-A03B-43A89BF2674B}.Release|x86.Build.0 = Release|Win32
		{7F43156C-54F5-4314-852E-CEEA86F62ED1}.Debug|x64.ActiveCfg = Debug|x64
		{7F43156C-54F5-4314-852E-CEEA86F62ED1}.Debug|x64.Build.0 = Debug|x64
		{7F43156C-54F5-4314-852E-CEEA86F62ED1}.Debug|x86.ActiveCfg = Debug|Win32
		{7F43156C-54F5-4314-852E-CEEA86F62ED1}.Debug|x86.Build.0 = Debug|Win32
		{7F43156C-54F5-4314-852E-CEEA86F62ED1}.Release|x64.ActiveCfg = Release|x64
		{7F43156C-54F5-4314-852E-CEEA86F62ED1}.Release|x64.Build.0 = Release|x64
		{7F43156C-54F5-4314-852E-CEEA86F62ED1}.Release|x86.ActiveCfg = Release|Win32
		{7F43156C-54F5-4314-852E-CEEA86F62ED1}.Release|x86.Build.0 = Release|Win32
		{B314FEE1-1A43-4CD1-92D6-12AA657049D6}.Debug|x64.ActiveCfg = Debug|x64
		{B314FEE1-1A43-4CD1-92D6-12AA657049D6}.Debug|x64.Build.0 = Debug|x64
		{B314FEE1-1A43-4CD1-92D6-12AA657049D6}.Debug|x86.ActiveCfg = Debug|Win32
		{B314FEE1-1A43-4CD1-92D6-12AA657049D6}.Debug|x86.Build.0 = Debug|Win32
		{B314FEE1-1A43-4CD1-92D6-12AA657049D6}.Release|x64.ActiveCfg = Release|x64
		{B314FEE1-1A43-4CD1-92D6-12AA657049D6}.Release|x64.Build.0 = Release|x64
		{B314FEE1-1A43-4CD1-92D6-12AA657049D6}.Release|x86.ActiveCfg = Release|Win32
		{B314FEE1-1A43-4CD1-92D6-12AA657049D6}.Release|x86.Build.0 = Release|Win32
		{EF469266-644C-4042-BDF1-215FC950C367}.Debug|x64.ActiveCfg = Debug|x64
		{EF469266-644C-4042-BDF1-215FC950C367}.Debug|x64.Build.0 = Debug|x64
		{EF469266-644C-4042-BDF1-215FC950C367}.Debug|x86.ActiveCfg = Debug|Win32
		{EF469266-644C-4042-BDF1-215FC950C367}.Debug|x86.Build.0 = Debug|Win32
		{EF469266-644C-4042-BDF1-215FC950C367}.Release|x64.ActiveCfg = Release|x64
		{EF469266-644C-4042-BDF1-215FC950C367}.Release|x64.Build.0 = Release|x64
		{EF469266-644C-4042-BDF1-215FC950C367}.Release|x86.ActiveCfg = Release|Win32
		{EF469266-644C-4042-BDF1-215FC950C367}.Release|x86.Build.0 = Release|Win32
		{BE858A81-B332-4717-B31E-568116572E5B}.Debug|x64.ActiveCfg = Debug|x64
		{BE858A81-B332-4717-B31E-568116572E5B}.Debug|x64.Build.0 = Debug|x64
		{BE858A81-B332-4717-B31E-568116572E5B}.Debug|x86.ActiveCfg = Debug|Win32
		{BE858A81-B332-4717-B31E-568116572E5B}.Debug|x86.Build.0 = Debug|Win32
		{BE858A81-B332-4717-B31E-568116572E5B}.Release|x64.ActiveCfg = Release|x64
		{BE858A81-B332-4717-B31E-568116572E5B}.Release|x64.Build.0 = Release|x64
		{BE858A81-B332-4717-B31E-568116572E5B}.Release|x86.ActiveCfg = Release|Win32
		{BE858A81-B332-4717-B31E-568116572E5B}.Release|x86.Build.0 = Release|Win32
		{F2091DD9-4E2D-4114-853A-4B631EEC93CB}.Debug|x64.ActiveCfg = Debug|x64
		{F2091DD9-4E2D-4114-853A-4B631EEC93CB}.Debug|x64.Build.0 = Debug|x64
		{F2091DD9-4E2D-4114-853A-4B631EEC93CB}.Debug|x86.ActiveCfg = Debug|Win32
		{F2091DD9-4E2D-4114-853A-4B631EEC93CB}.Debug|x86.Build.0 = Debug|Win32
		{F2091DD9-4E2D-4114-853A-4B631EEC93CB}.Release|x64.ActiveCfg = Release|x64
		{F2091DD9-4E2D-4114-853A-4B631EEC93CB}.Release|x64.Build.0 = Release|x64
		{F2091DD9-4E2D-4114-853A-4B631EEC93CB}.Release|x86.ActiveCfg = Release|Win32
		{F2091DD9-4E2D-4114-853A-4B631EEC93CB}.Release|x86.Build.0 = Release|Win32
		{B75A8844-D86C-4858-9688-FA748BAA44B6}.Debug|x64.ActiveCfg = Debug|x64
		{B75A8844-D86C-4858-9688-FA748BAA44B6}.Debug|x64.Build.0 = Debug|x64
		{B75A8844-D86C-4858-9688-FA748BAA44B6}.Debug|x86.ActiveCfg = Debug|Win32
		{B75A8844-D86C-4858-9688-FA748BAA44B6}.Debug|x86.Build.0 = Debug|Win32
		{B75A8844-D86C-4858-9688-FA748BAA44B6}.Release|x64.ActiveCfg = Release|x64
		{B75A8844-D86C-4858-9688-FA748BAA44B6}.Release|x64.Build.0 = Release|x64
		{B75A8844-D86C-4858-9688-FA748BAA44B6}.Release|x86.ActiveCfg = Release|Win32
		{B75A8844-D86C-4858-9688-FA748BAA44B6}.Release|x86.Build.0 = Release|Win32
		{EC8EFEA4-7C25-4777-91B9-FA2CC0845A7C}.Debug|x64.ActiveCfg = Debug|x64
		{EC8EFEA4-7C25-4777-91B9-FA2CC0845A7C}.Debug|x64.Build.0 = Debug|x64
		{EC8EFEA4-7C25-4777-91B9-FA2CC0845A7C}.Debug|x86.ActiveCfg = Debug|Win32
		{EC8EFEA4-7C25-4777-91B9-FA2CC0845A7C}.Debug|x86.Build.0 = Debug|Win32
		{EC8EFEA4-7C25-4777-91B9-FA2CC0845A7C}.Release|x64.ActiveCfg = Release|x64
		{EC8EFEA4-7C25-4777-91B9-FA2CC0845A7C}.Release|x64.Build.0 = Release|x64
		{EC8EFEA4-7C25-4777-91B9-FA2CC0845A7C}.Release|x86.ActiveCfg = Release|Win32
		{EC8EFEA4-7C25-4777-91B9-FA2CC0845A7C}.Release|x86.Build.0 = Release|Win32
		{08CCD79D-3B6D-4084-8F0A-1B3BB70CA100}.Debug|x64.ActiveCfg = Debug|x64
		{08CCD79D-3B6D-4084-8F0A-1B3BB70CA100}.Debug|x64.Build.0 = Debug|x64
		{08CCD79D-3B6D-4084-8F0A-1B3BB70CA100}.Debug|x86.ActiveCfg = Debug|Win32
		{08CCD79D-3B6D-4084-8F0A-1B3BB70CA100}.Debug|x86.Build.0 = Debug|Win32
		{08CCD79D-3B6D-4084-8F0A-1B3BB70CA100}.Release|x64.ActiveCfg = Release|x64
		{08CCD79D-3B6D-4084-8F0A-1B3BB70CA100}.Release|x64.Build.0 = Release|x64
		{08CCD79D-3B6D-4084-8F0A-1B3BB70CA100}.Release|x86.ActiveCfg = Release|Win32
		{08CCD79D-3B6D-4084-8F0A-1B3BB70CA100}.Release|x86.Build.0 = Release|Win32
		{E9574E9F-9390-49B7-A94C-C08921BF48CB}.Debug|x64.ActiveCfg = Debug|x64
		{E9574E9F-9390-49B7-A94C-C08921BF48CB}.Debug|x64.Build.0 = Debug|x64
		{E9574E9F-9390-49B7-A94C-C08921BF48CB}.Debug|x86.ActiveCfg = Debug|Win32
		{E9574E9F-9390-49B7-A94C-C08921BF48CB}.Debug|x86.Build.0 = Debug|Win32
		{E9574E9F-9390-49B7-A94C-C08921BF48CB}.Release|x64.ActiveCfg = Release|x64
		{E9574E9F-9390-49B7-A94C-C08921BF48CB}.Release|x64.Build.0 = Release|x64
		{E9574E9F-9390-49B7-A94C-C08921BF48CB}.Release|x86.ActiveCfg = Release|Win32
		{E9574E9F-9390-49B7-A94C-C08921BF48CB}.Release|x86.Build.0 = Release|Win32
		{3DB75310-CBB5-4335-BB04-224BCCD313A2}.Debug|x64.ActiveCfg = Debug|x64
		{3DB75310-CBB5-4335-BB04-224BCCD313A2}.Debug|x64.Build.0 = Debug|x64
		{3DB75310-CBB5-4335-BB04-224BCCD313A2}.Debug|x86.ActiveCfg = Debug|Win32
		{3DB75310-CBB5-4335-BB04-224BCCD313A2}.Debug|x86.Build.0 = Debug|Win32
		{3DB75310-CBB5-4335-BB04-224BCCD313A2}.Release|x64.ActiveCfg = Release|x64
		{3DB75310-CBB5-4335-BB04-224BCCD313A2}.Release|x64.Build.0 = Release|x64
		{3DB75310-CBB5-4335-BB04-224BCCD313A2}.Release|x86.ActiveCfg = Release|Win32
		{3DB75310-CBB5-4335-BB04-224BCCD313A2}.Release|x86.Build.0 = Release|Win32
		{01FD3A68-22DA-4D7C-AAC2-BD4C4275B300}.Debug|x64.ActiveCfg = Debug|x64
		{01FD3A68-22DA-4D7C-AAC2-BD4C4275B300}.Debug|x64.Build.0 = Debug|x64
		{01FD3A68-22DA-4D7C-AAC2-BD4C4275B300}.Debug|x86.ActiveCfg = Debug|Win32
		{01FD3A68-22DA-4D7C-AAC2-BD4C4275B300}.Debug|x86.Build.0 = Debug|Win32
		{01FD3A68-22DA-4D7C-AAC2-BD4C4275B300}.Release|x64.ActiveCfg = Release|x64
		{01FD3A68-22DA-4D7C-AAC2-BD4C4275B300}.Release|x64.Build.0 = Release|x64
		{01FD3A68-22DA-4D7C-AAC2-BD4C4275B300}.Release|x86.ActiveCfg = Release|Win32
		{01FD3A68-22DA-4D7C-AAC2-BD4C4275B300}.Release|x86.Build.0 = Release|Win32
		{B4F152EB-8B8C-4D36-9CEE-5B7F766B0469}.Debug|x64.ActiveCfg = Debug|x64
		{B4F152EB-8B8C-4D36-9CEE-5B7F766B0469}.Debug|x64.Build.0 = Debug|x64
		{B4F152EB-8B8C-4D36-9CEE-5B7F766B0469}.Debug|x86.ActiveCfg = Debug|Win32
		{B4F152EB-8B8C-4D36-9CEE-5B7F766B0469}.Debug|x86.Build.0 = Debug|Win32
		{B4F152EB-8B8C-4D36-9CEE-5B7F766B0469}.Release|x64.ActiveCfg = Release|x64
		{B4F152EB-8B8C-4D36-9CEE-5B7F766B0469}.Release|x64.Build.0 = Release|x64
		{B4F152EB-8B8C-4D36-9CEE-5B7F766B0469}.Release|x86.ActiveCfg = Release|Win32
		{B4F152EB-8B8C-4D36-9CEE-5B7F766B0469}.Release|x86.Build.0 = Release|Win32
		{C7F2BF2E-14CA-4351-BB6E-E2AC906BD2BF}.Debug|x64.ActiveCfg = Debug|x64
		{C7F2BF2E-14CA-4351-BB6E-E2AC906BD2BF}.Debug|x64.Build.0 = Debug|x64
		{C7F2BF2E-14CA-4351-BB6E-E2AC906BD2BF}.Debug|x86.ActiveCfg = Debug|Win32
		{C7F2BF2E-14CA-4351-BB6E-E2AC906BD2BF}.Debug|x86.Build.0 = Debug|Win32
		{C7F2BF2E-14CA-4351-BB6E-E2AC906BD2BF}.Release|x64.ActiveCfg = Release|x64
		{C7F2BF2E-14CA-4351-BB6E-E2AC906BD2BF}.Release|x64.Build.0 = Release|x64
		{C7F2BF2E-14CA-4351-BB6E-E2AC906BD2BF}.Release|x86.ActiveCfg = Release|Win32
		{C7F2BF2E-14CA-4351-BB6E-E2AC906BD2BF}.Release|x86.Build.0 = Release|Win32
		{BBFC75A9-DEE4-49BF-9C25-F51E23F57DE5}.Debug|x64.ActiveCfg = Debug|x64
		{BBFC75A9-DEE4-49BF-9C25-F51E23F57DE5}.Debug|x64.Build.0 = Debug|x64
		{BBFC75A9-DEE4-49BF-9C25-F51E23F57DE5}.Debug|x86.ActiveCfg = Debug|Win32
		{BBFC75A9-DEE4-49BF-9C25-F51E23F57DE5}.Debug|x86.Build.0 = Debug|Win32
		{BBFC75A9-DEE4-49BF-9C25-F51E23F57DE5}.Release|x64.ActiveCfg = Release|x64
		{BBFC75A9-DEE4-49BF-9C25-F51E23F57DE5}.Release|x64.Build.0 = Release|x64
		{BBFC75A9-DEE4-49BF-9C25-F51E23F57DE5}.Release|x86.ActiveCfg = Release|Win32
		{BBFC75A9-DEE4-49BF-9C25-F51E23F57DE5}.Release|x86.Build.0 = Release|Win32
		{7436A6D0-B09A-4298-B4D6-C1A594B41322}.Debug|x64.ActiveCfg = Debug|x64
		{7436A6D0-B09A-4298-B4D6-C1A594B41322}.Debug|x64.Build.0 = Debug|x64
		{7436A6D0-B09A-4298-B4D6-C1A594B41322}.Debug|x86.ActiveCfg = Debug|Win32
		{7436A6D0-B09A-4298-B4D6-C1A594B41322}.Debug|x86.Build.0 = Debug|Win32
		{7436A6D0-B09A-4298-B4D6-C1A594B41322}.Release|x64.ActiveCfg = Release|x64
		{7436A6D0-B09A-4298-B4D6-C1A594B41322}.Release|x64.Build.0 = Release|x64
		{7436A6D0-B09A-4298-B4D6-C1A594B41322}.Release|x86.ActiveCfg = Release|Win32
		{7436A6D0-B09A-4298-B4D6-C1A594B41322}.Release|x86.Build.0 = Release|Win32
		{D2764F43-D0EA-4A6F-9A83-42F0DAEA999A}.Debug|x64.ActiveCfg = Debug|x64
		{D2764F43-D0EA-4A6F-9A83-42F0DAEA999A}.Debug|x64.Build.0 = Debug|x64
		{D2764F43-D0EA-4A6F-9A83-42F0DAEA999A}.Debug|x86.ActiveCfg = Debug|Win32
		{D2764F43-D0EA-4A6F-9A83-42F0DAEA999A}.Debug|x86.Build.0 = Debug|Win32
		{D2764F43-D0EA-4A6F-9A83-42F0DAEA999A}.Release|x64.ActiveCfg = Release|x64
		{D2764F43-D0EA-4A6F-9A83-42F0DAEA999A}.Release|x64.Build.0 = Release|x64
		{D2764F43-D0EA-4A6F-9A83-42F0DAEA999A}.Release|x86.ActiveCfg = Release|Win32
		{D2764F43-D0EA-4A6F-9A83-42F0DAEA999A}.Release|x86.Build.0 = Release|Win32
		{1CF2AF3B-BB7D-42CC-B8F5-34D87B1ACE39}.Debug|x64.ActiveCfg = Debug|x64
		{1CF2AF3B-BB7D-42CC-B8F5-34D87B1ACE39}.Debug|x64.Build.0 = Debug|x64
		{1CF2AF3B-BB7D-42CC-B8F5-34D87B1ACE39}.Debug|x86.ActiveCfg = Debug|Win32
		{1CF2AF3B-BB7D-42CC-B8F5-34D87B1ACE39}.Debug|x86.Build.0 = Debug|Win32
		{1CF2AF3B-BB7D-42CC-B8F5-34D87B1ACE39}.Release|x64.ActiveCfg = Release|x64
		{1CF2AF3B-BB7D-42CC-B8F5-34D87B1ACE39}.Release|x64.Build.0 = Release|x64
		{1CF2AF3B-BB7D-42CC-B8F5-34D87B1ACE39}.Release|x86.ActiveCfg = Release|Win32
		{1CF2AF3B-BB7D-42CC-B8F5-34D87B1ACE39}.Release|x86.Build.0 = Release|Win32
	EndGlobalSection
	GlobalSection(SolutionProperties) = preSolution
		HideSolutionNode = FALSE
	EndGlobalSection
	GlobalSection(ExtensibilityGlobals) = postSolution
		SolutionGuid = {C4BFD429-A175-4899-9BC8-8AA61E4E7660}
	EndGlobalSection
EndGlobal
